
Microsoft Visual Studio Solution File, Format Version 12.00
# Visual Studio Version 17
VisualStudioVersion = 17.3.32922.545
MinimumVisualStudioVersion = 10.0.40219.1
Project("{FAE04EC0-301F-11D3-BF4B-00C04F79EFBC}") = "Cimpean_Calin_Lab2", "Cimpean_Calin_Lab2.csproj", "{8652D997-C11D-4BCB-9383-F6C189E99F94}"
EndProject
Global
	GlobalSection(SolutionConfigurationPlatforms) = preSolution
		Debug|Any CPU = Debug|Any CPU
		Release|Any CPU = Release|Any CPU
	EndGlobalSection
	GlobalSection(ProjectConfigurationPlatforms) = postSolution
		{8652D997-C11D-4BCB-9383-F6C189E99F94}.Debug|Any CPU.ActiveCfg = Debug|Any CPU
		{8652D997-C11D-4BCB-9383-F6C189E99F94}.Debug|Any CPU.Build.0 = Debug|Any CPU
		{8652D997-C11D-4BCB-9383-F6C189E99F94}.Release|Any CPU.ActiveCfg = Release|Any CPU
		{8652D997-C11D-4BCB-9383-F6C189E99F94}.Release|Any CPU.Build.0 = Release|Any CPU
	EndGlobalSection
	GlobalSection(SolutionProperties) = preSolution
		HideSolutionNode = FALSE
	EndGlobalSection
	GlobalSection(ExtensibilityGlobals) = postSolution
		SolutionGuid = {8321708B-371B-4DBA-AC79-7DFAB99FC596}
	EndGlobalSection
EndGlobal
